// !$*UTF8*$!
{
	archiveVersion = 1;
	classes = {
	};
	objectVersion = 56;
	objects = {

/* Begin PBXBuildFile section */
		4502046329CFA870009C09D0 /* AppDelegate.swift in Sources */ = {isa = PBXBuildFile; fileRef = 4502046229CFA870009C09D0 /* AppDelegate.swift */; };
		4502046529CFA870009C09D0 /* SceneDelegate.swift in Sources */ = {isa = PBXBuildFile; fileRef = 4502046429CFA870009C09D0 /* SceneDelegate.swift */; };
		4502046C29CFA872009C09D0 /* Assets.xcassets in Resources */ = {isa = PBXBuildFile; fileRef = 4502046B29CFA872009C09D0 /* Assets.xcassets */; };
		4502046F29CFA872009C09D0 /* LaunchScreen.storyboard in Resources */ = {isa = PBXBuildFile; fileRef = 4502046D29CFA872009C09D0 /* LaunchScreen.storyboard */; };
		4502047729CFB70A009C09D0 /* SearchViewController.swift in Sources */ = {isa = PBXBuildFile; fileRef = 4502047629CFB70A009C09D0 /* SearchViewController.swift */; };
		4502047929CFB78D009C09D0 /* FavoritesListViewController.swift in Sources */ = {isa = PBXBuildFile; fileRef = 4502047829CFB78D009C09D0 /* FavoritesListViewController.swift */; };
		4502047B29CFC849009C09D0 /* GFButton.swift in Sources */ = {isa = PBXBuildFile; fileRef = 4502047A29CFC849009C09D0 /* GFButton.swift */; };
		4502047D29CFCF51009C09D0 /* GFTextField.swift in Sources */ = {isa = PBXBuildFile; fileRef = 4502047C29CFCF51009C09D0 /* GFTextField.swift */; };
		4551564529D0C91B00E55BA5 /* FollowerListViewController.swift in Sources */ = {isa = PBXBuildFile; fileRef = 4551564429D0C91B00E55BA5 /* FollowerListViewController.swift */; };
		4551564729D0F14B00E55BA5 /* GFTitleLabel.swift in Sources */ = {isa = PBXBuildFile; fileRef = 4551564629D0F14B00E55BA5 /* GFTitleLabel.swift */; };
		4551564929D0F2F700E55BA5 /* GFBodyLabel.swift in Sources */ = {isa = PBXBuildFile; fileRef = 4551564829D0F2F700E55BA5 /* GFBodyLabel.swift */; };
		4551564B29D0F3C600E55BA5 /* GFAlertViewController.swift in Sources */ = {isa = PBXBuildFile; fileRef = 4551564A29D0F3C600E55BA5 /* GFAlertViewController.swift */; };
		4551564D29D0FD2900E55BA5 /* UIViewController+Ext.swift in Sources */ = {isa = PBXBuildFile; fileRef = 4551564C29D0FD2900E55BA5 /* UIViewController+Ext.swift */; };
		4551565429D105B600E55BA5 /* GFAlertContainerView.swift in Sources */ = {isa = PBXBuildFile; fileRef = 4551565329D105B600E55BA5 /* GFAlertContainerView.swift */; };
		4551565729D10FE700E55BA5 /* Follower.swift in Sources */ = {isa = PBXBuildFile; fileRef = 4551565629D10FE700E55BA5 /* Follower.swift */; };
		4551565929D1109800E55BA5 /* User.swift in Sources */ = {isa = PBXBuildFile; fileRef = 4551565829D1109800E55BA5 /* User.swift */; };
		4551565C29D1159000E55BA5 /* NetworkManager.swift in Sources */ = {isa = PBXBuildFile; fileRef = 4551565B29D1159000E55BA5 /* NetworkManager.swift */; };
		4551566229D13AB000E55BA5 /* FollowersCell.swift in Sources */ = {isa = PBXBuildFile; fileRef = 4551566129D13AB000E55BA5 /* FollowersCell.swift */; };
		4551566429D13B2400E55BA5 /* GFAvatarImageView.swift in Sources */ = {isa = PBXBuildFile; fileRef = 4551566329D13B2400E55BA5 /* GFAvatarImageView.swift */; };
		4551566629D2550300E55BA5 /* UIHelper.swift in Sources */ = {isa = PBXBuildFile; fileRef = 4551566529D2550300E55BA5 /* UIHelper.swift */; };
		4551566D29D280F800E55BA5 /* GFEmptyStateView.swift in Sources */ = {isa = PBXBuildFile; fileRef = 4551566C29D280F800E55BA5 /* GFEmptyStateView.swift */; };
		4551566F29D2921600E55BA5 /* UserInfoViewController.swift in Sources */ = {isa = PBXBuildFile; fileRef = 4551566E29D2921500E55BA5 /* UserInfoViewController.swift */; };
		4551567129D2C53100E55BA5 /* GFInfoHeaderViewController.swift in Sources */ = {isa = PBXBuildFile; fileRef = 4551567029D2C53100E55BA5 /* GFInfoHeaderViewController.swift */; };
		455156EB29D93C7300E55BA5 /* GFError.swift in Sources */ = {isa = PBXBuildFile; fileRef = 455156EA29D93C7300E55BA5 /* GFError.swift */; };
		455156ED29D9627A00E55BA5 /* GFSecondarytitleLabel.swift in Sources */ = {isa = PBXBuildFile; fileRef = 455156EC29D9627A00E55BA5 /* GFSecondarytitleLabel.swift */; };
		455156EF29DA0CE700E55BA5 /* Constants.swift in Sources */ = {isa = PBXBuildFile; fileRef = 455156EE29DA0CE700E55BA5 /* Constants.swift */; };
		455156F129DA47E400E55BA5 /* GFItemInfoView.swift in Sources */ = {isa = PBXBuildFile; fileRef = 455156F029DA47E400E55BA5 /* GFItemInfoView.swift */; };
		455156F329DA4C5500E55BA5 /* GFItemInfoVC.swift in Sources */ = {isa = PBXBuildFile; fileRef = 455156F229DA4C5500E55BA5 /* GFItemInfoVC.swift */; };
		455156F529DA5F3C00E55BA5 /* GFRepoItemViewController.swift in Sources */ = {isa = PBXBuildFile; fileRef = 455156F429DA5F3C00E55BA5 /* GFRepoItemViewController.swift */; };
		455156F729DA610B00E55BA5 /* GFFollowerItemViewController.swift in Sources */ = {isa = PBXBuildFile; fileRef = 455156F629DA610B00E55BA5 /* GFFollowerItemViewController.swift */; };
/* End PBXBuildFile section */

/* Begin PBXFileReference section */
		4502045F29CFA870009C09D0 /* github-followers.app */ = {isa = PBXFileReference; explicitFileType = wrapper.application; includeInIndex = 0; path = "github-followers.app"; sourceTree = BUILT_PRODUCTS_DIR; };
		4502046229CFA870009C09D0 /* AppDelegate.swift */ = {isa = PBXFileReference; lastKnownFileType = sourcecode.swift; path = AppDelegate.swift; sourceTree = "<group>"; };
		4502046429CFA870009C09D0 /* SceneDelegate.swift */ = {isa = PBXFileReference; lastKnownFileType = sourcecode.swift; path = SceneDelegate.swift; sourceTree = "<group>"; };
		4502046B29CFA872009C09D0 /* Assets.xcassets */ = {isa = PBXFileReference; lastKnownFileType = folder.assetcatalog; path = Assets.xcassets; sourceTree = "<group>"; };
		4502046E29CFA872009C09D0 /* Base */ = {isa = PBXFileReference; lastKnownFileType = file.storyboard; name = Base; path = Base.lproj/LaunchScreen.storyboard; sourceTree = "<group>"; };
		4502047029CFA872009C09D0 /* Info.plist */ = {isa = PBXFileReference; lastKnownFileType = text.plist.xml; path = Info.plist; sourceTree = "<group>"; };
		4502047629CFB70A009C09D0 /* SearchViewController.swift */ = {isa = PBXFileReference; lastKnownFileType = sourcecode.swift; path = SearchViewController.swift; sourceTree = "<group>"; };
		4502047829CFB78D009C09D0 /* FavoritesListViewController.swift */ = {isa = PBXFileReference; lastKnownFileType = sourcecode.swift; path = FavoritesListViewController.swift; sourceTree = "<group>"; };
		4502047A29CFC849009C09D0 /* GFButton.swift */ = {isa = PBXFileReference; lastKnownFileType = sourcecode.swift; path = GFButton.swift; sourceTree = "<group>"; };
		4502047C29CFCF51009C09D0 /* GFTextField.swift */ = {isa = PBXFileReference; lastKnownFileType = sourcecode.swift; path = GFTextField.swift; sourceTree = "<group>"; };
		4551564429D0C91B00E55BA5 /* FollowerListViewController.swift */ = {isa = PBXFileReference; lastKnownFileType = sourcecode.swift; path = FollowerListViewController.swift; sourceTree = "<group>"; };
		4551564629D0F14B00E55BA5 /* GFTitleLabel.swift */ = {isa = PBXFileReference; lastKnownFileType = sourcecode.swift; path = GFTitleLabel.swift; sourceTree = "<group>"; };
		4551564829D0F2F700E55BA5 /* GFBodyLabel.swift */ = {isa = PBXFileReference; lastKnownFileType = sourcecode.swift; path = GFBodyLabel.swift; sourceTree = "<group>"; };
		4551564A29D0F3C600E55BA5 /* GFAlertViewController.swift */ = {isa = PBXFileReference; lastKnownFileType = sourcecode.swift; path = GFAlertViewController.swift; sourceTree = "<group>"; };
		4551564C29D0FD2900E55BA5 /* UIViewController+Ext.swift */ = {isa = PBXFileReference; lastKnownFileType = sourcecode.swift; path = "UIViewController+Ext.swift"; sourceTree = "<group>"; };
		4551565329D105B600E55BA5 /* GFAlertContainerView.swift */ = {isa = PBXFileReference; lastKnownFileType = sourcecode.swift; path = GFAlertContainerView.swift; sourceTree = "<group>"; };
		4551565629D10FE700E55BA5 /* Follower.swift */ = {isa = PBXFileReference; lastKnownFileType = sourcecode.swift; path = Follower.swift; sourceTree = "<group>"; };
		4551565829D1109800E55BA5 /* User.swift */ = {isa = PBXFileReference; lastKnownFileType = sourcecode.swift; path = User.swift; sourceTree = "<group>"; };
		4551565B29D1159000E55BA5 /* NetworkManager.swift */ = {isa = PBXFileReference; lastKnownFileType = sourcecode.swift; path = NetworkManager.swift; sourceTree = "<group>"; };
		4551566129D13AB000E55BA5 /* FollowersCell.swift */ = {isa = PBXFileReference; lastKnownFileType = sourcecode.swift; path = FollowersCell.swift; sourceTree = "<group>"; };
		4551566329D13B2400E55BA5 /* GFAvatarImageView.swift */ = {isa = PBXFileReference; lastKnownFileType = sourcecode.swift; path = GFAvatarImageView.swift; sourceTree = "<group>"; };
		4551566529D2550300E55BA5 /* UIHelper.swift */ = {isa = PBXFileReference; lastKnownFileType = sourcecode.swift; path = UIHelper.swift; sourceTree = "<group>"; };
		4551566C29D280F800E55BA5 /* GFEmptyStateView.swift */ = {isa = PBXFileReference; lastKnownFileType = sourcecode.swift; path = GFEmptyStateView.swift; sourceTree = "<group>"; };
		4551566E29D2921500E55BA5 /* UserInfoViewController.swift */ = {isa = PBXFileReference; lastKnownFileType = sourcecode.swift; path = UserInfoViewController.swift; sourceTree = "<group>"; };
		4551567029D2C53100E55BA5 /* GFInfoHeaderViewController.swift */ = {isa = PBXFileReference; lastKnownFileType = sourcecode.swift; path = GFInfoHeaderViewController.swift; sourceTree = "<group>"; };
		455156EA29D93C7300E55BA5 /* GFError.swift */ = {isa = PBXFileReference; lastKnownFileType = sourcecode.swift; path = GFError.swift; sourceTree = "<group>"; };
		455156EC29D9627A00E55BA5 /* GFSecondarytitleLabel.swift */ = {isa = PBXFileReference; lastKnownFileType = sourcecode.swift; path = GFSecondarytitleLabel.swift; sourceTree = "<group>"; };
		455156EE29DA0CE700E55BA5 /* Constants.swift */ = {isa = PBXFileReference; lastKnownFileType = sourcecode.swift; path = Constants.swift; sourceTree = "<group>"; };
		455156F029DA47E400E55BA5 /* GFItemInfoView.swift */ = {isa = PBXFileReference; lastKnownFileType = sourcecode.swift; path = GFItemInfoView.swift; sourceTree = "<group>"; };
		455156F229DA4C5500E55BA5 /* GFItemInfoVC.swift */ = {isa = PBXFileReference; lastKnownFileType = sourcecode.swift; path = GFItemInfoVC.swift; sourceTree = "<group>"; };
		455156F429DA5F3C00E55BA5 /* GFRepoItemViewController.swift */ = {isa = PBXFileReference; lastKnownFileType = sourcecode.swift; path = GFRepoItemViewController.swift; sourceTree = "<group>"; };
		455156F629DA610B00E55BA5 /* GFFollowerItemViewController.swift */ = {isa = PBXFileReference; lastKnownFileType = sourcecode.swift; path = GFFollowerItemViewController.swift; sourceTree = "<group>"; };
/* End PBXFileReference section */

/* Begin PBXFrameworksBuildPhase section */
		4502045C29CFA870009C09D0 /* Frameworks */ = {
			isa = PBXFrameworksBuildPhase;
			buildActionMask = 2147483647;
			files = (
			);
			runOnlyForDeploymentPostprocessing = 0;
		};
/* End PBXFrameworksBuildPhase section */

/* Begin PBXGroup section */
		4502045629CFA870009C09D0 = {
			isa = PBXGroup;
			children = (
				4502046129CFA870009C09D0 /* github-followers */,
				4502046029CFA870009C09D0 /* Products */,
			);
			sourceTree = "<group>";
		};
		4502046029CFA870009C09D0 /* Products */ = {
			isa = PBXGroup;
			children = (
				4502045F29CFA870009C09D0 /* github-followers.app */,
			);
			name = Products;
			sourceTree = "<group>";
		};
		4502046129CFA870009C09D0 /* github-followers */ = {
			isa = PBXGroup;
			children = (
				4551565D29D1209100E55BA5 /* Utilities */,
				4551565A29D1158300E55BA5 /* Managers */,
				4551565529D10FD900E55BA5 /* Models */,
				4551565229D1043900E55BA5 /* Support */,
				4551565029D103D700E55BA5 /* Extensions */,
				4551564F29D103AF00E55BA5 /* Custom Views */,
				4551564E29D1037600E55BA5 /* Screens */,
				4502047029CFA872009C09D0 /* Info.plist */,
			);
			path = "github-followers";
			sourceTree = "<group>";
		};
		4551564E29D1037600E55BA5 /* Screens */ = {
			isa = PBXGroup;
			children = (
				4502047829CFB78D009C09D0 /* FavoritesListViewController.swift */,
				4502047629CFB70A009C09D0 /* SearchViewController.swift */,
				4551564429D0C91B00E55BA5 /* FollowerListViewController.swift */,
				4551566E29D2921500E55BA5 /* UserInfoViewController.swift */,
			);
			path = Screens;
			sourceTree = "<group>";
		};
		4551564F29D103AF00E55BA5 /* Custom Views */ = {
			isa = PBXGroup;
			children = (
				4551566B29D280A200E55BA5 /* ImageViews */,
				4551566A29D2809D00E55BA5 /* Views */,
				4551566929D2809800E55BA5 /* Labels */,
				4551566829D2808800E55BA5 /* TextFields */,
				4551566729D2807F00E55BA5 /* Buttons */,
				4551566029D13A9100E55BA5 /* Cells */,
				4551565129D1041F00E55BA5 /* View Controllers */,
			);
			path = "Custom Views";
			sourceTree = "<group>";
		};
		4551565029D103D700E55BA5 /* Extensions */ = {
			isa = PBXGroup;
			children = (
				4551564C29D0FD2900E55BA5 /* UIViewController+Ext.swift */,
			);
			path = Extensions;
			sourceTree = "<group>";
		};
		4551565129D1041F00E55BA5 /* View Controllers */ = {
			isa = PBXGroup;
			children = (
				455156F829DA616800E55BA5 /* ItemInfoVCs */,
				4551564A29D0F3C600E55BA5 /* GFAlertViewController.swift */,
				4551567029D2C53100E55BA5 /* GFInfoHeaderViewController.swift */,
			);
			path = "View Controllers";
			sourceTree = "<group>";
		};
		4551565229D1043900E55BA5 /* Support */ = {
			isa = PBXGroup;
			children = (
				4502046229CFA870009C09D0 /* AppDelegate.swift */,
				4502046429CFA870009C09D0 /* SceneDelegate.swift */,
				4502046B29CFA872009C09D0 /* Assets.xcassets */,
				4502046D29CFA872009C09D0 /* LaunchScreen.storyboard */,
			);
			path = Support;
			sourceTree = "<group>";
		};
		4551565529D10FD900E55BA5 /* Models */ = {
			isa = PBXGroup;
			children = (
				4551565629D10FE700E55BA5 /* Follower.swift */,
				4551565829D1109800E55BA5 /* User.swift */,
			);
			path = Models;
			sourceTree = "<group>";
		};
		4551565A29D1158300E55BA5 /* Managers */ = {
			isa = PBXGroup;
			children = (
				4551565B29D1159000E55BA5 /* NetworkManager.swift */,
			);
			path = Managers;
			sourceTree = "<group>";
		};
		4551565D29D1209100E55BA5 /* Utilities */ = {
			isa = PBXGroup;
			children = (
				4551566529D2550300E55BA5 /* UIHelper.swift */,
				455156EA29D93C7300E55BA5 /* GFError.swift */,
				455156EE29DA0CE700E55BA5 /* Constants.swift */,
			);
			path = Utilities;
			sourceTree = "<group>";
		};
		4551566029D13A9100E55BA5 /* Cells */ = {
			isa = PBXGroup;
			children = (
				4551566129D13AB000E55BA5 /* FollowersCell.swift */,
			);
			path = Cells;
			sourceTree = "<group>";
		};
		4551566729D2807F00E55BA5 /* Buttons */ = {
			isa = PBXGroup;
			children = (
				4502047A29CFC849009C09D0 /* GFButton.swift */,
			);
			path = Buttons;
			sourceTree = "<group>";
		};
		4551566829D2808800E55BA5 /* TextFields */ = {
			isa = PBXGroup;
			children = (
				4502047C29CFCF51009C09D0 /* GFTextField.swift */,
			);
			path = TextFields;
			sourceTree = "<group>";
		};
		4551566929D2809800E55BA5 /* Labels */ = {
			isa = PBXGroup;
			children = (
				4551564829D0F2F700E55BA5 /* GFBodyLabel.swift */,
				4551564629D0F14B00E55BA5 /* GFTitleLabel.swift */,
				455156EC29D9627A00E55BA5 /* GFSecondarytitleLabel.swift */,
			);
			path = Labels;
			sourceTree = "<group>";
		};
		4551566A29D2809D00E55BA5 /* Views */ = {
			isa = PBXGroup;
			children = (
				4551565329D105B600E55BA5 /* GFAlertContainerView.swift */,
				4551566C29D280F800E55BA5 /* GFEmptyStateView.swift */,
				455156F029DA47E400E55BA5 /* GFItemInfoView.swift */,
			);
			path = Views;
			sourceTree = "<group>";
		};
		4551566B29D280A200E55BA5 /* ImageViews */ = {
			isa = PBXGroup;
			children = (
				4551566329D13B2400E55BA5 /* GFAvatarImageView.swift */,
			);
			path = ImageViews;
			sourceTree = "<group>";
		};
		455156F829DA616800E55BA5 /* ItemInfoVCs */ = {
			isa = PBXGroup;
			children = (
				455156F229DA4C5500E55BA5 /* GFItemInfoVC.swift */,
				455156F429DA5F3C00E55BA5 /* GFRepoItemViewController.swift */,
				455156F629DA610B00E55BA5 /* GFFollowerItemViewController.swift */,
			);
			path = ItemInfoVCs;
			sourceTree = "<group>";
		};
/* End PBXGroup section */

/* Begin PBXNativeTarget section */
		4502045E29CFA870009C09D0 /* github-followers */ = {
			isa = PBXNativeTarget;
			buildConfigurationList = 4502047329CFA872009C09D0 /* Build configuration list for PBXNativeTarget "github-followers" */;
			buildPhases = (
				4502045B29CFA870009C09D0 /* Sources */,
				4502045C29CFA870009C09D0 /* Frameworks */,
				4502045D29CFA870009C09D0 /* Resources */,
			);
			buildRules = (
			);
			dependencies = (
			);
			name = "github-followers";
			productName = "github-followers";
			productReference = 4502045F29CFA870009C09D0 /* github-followers.app */;
			productType = "com.apple.product-type.application";
		};
/* End PBXNativeTarget section */

/* Begin PBXProject section */
		4502045729CFA870009C09D0 /* Project object */ = {
			isa = PBXProject;
			attributes = {
				BuildIndependentTargetsInParallel = 1;
				LastSwiftUpdateCheck = 1420;
				LastUpgradeCheck = 1420;
				TargetAttributes = {
					4502045E29CFA870009C09D0 = {
						CreatedOnToolsVersion = 14.2;
					};
				};
			};
			buildConfigurationList = 4502045A29CFA870009C09D0 /* Build configuration list for PBXProject "github-followers" */;
			compatibilityVersion = "Xcode 14.0";
			developmentRegion = en;
			hasScannedForEncodings = 0;
			knownRegions = (
				en,
				Base,
			);
			mainGroup = 4502045629CFA870009C09D0;
			productRefGroup = 4502046029CFA870009C09D0 /* Products */;
			projectDirPath = "";
			projectRoot = "";
			targets = (
				4502045E29CFA870009C09D0 /* github-followers */,
			);
		};
/* End PBXProject section */

/* Begin PBXResourcesBuildPhase section */
		4502045D29CFA870009C09D0 /* Resources */ = {
			isa = PBXResourcesBuildPhase;
			buildActionMask = 2147483647;
			files = (
				4502046F29CFA872009C09D0 /* LaunchScreen.storyboard in Resources */,
				4502046C29CFA872009C09D0 /* Assets.xcassets in Resources */,
			);
			runOnlyForDeploymentPostprocessing = 0;
		};
/* End PBXResourcesBuildPhase section */

/* Begin PBXSourcesBuildPhase section */
		4502045B29CFA870009C09D0 /* Sources */ = {
			isa = PBXSourcesBuildPhase;
			buildActionMask = 2147483647;
			files = (
				4551565429D105B600E55BA5 /* GFAlertContainerView.swift in Sources */,
				455156EB29D93C7300E55BA5 /* GFError.swift in Sources */,
				455156F729DA610B00E55BA5 /* GFFollowerItemViewController.swift in Sources */,
				4551566F29D2921600E55BA5 /* UserInfoViewController.swift in Sources */,
				4551567129D2C53100E55BA5 /* GFInfoHeaderViewController.swift in Sources */,
				4551566229D13AB000E55BA5 /* FollowersCell.swift in Sources */,
				4551566D29D280F800E55BA5 /* GFEmptyStateView.swift in Sources */,
				4551564B29D0F3C600E55BA5 /* GFAlertViewController.swift in Sources */,
				455156ED29D9627A00E55BA5 /* GFSecondarytitleLabel.swift in Sources */,
				4502047D29CFCF51009C09D0 /* GFTextField.swift in Sources */,
				4502047729CFB70A009C09D0 /* SearchViewController.swift in Sources */,
				4551564D29D0FD2900E55BA5 /* UIViewController+Ext.swift in Sources */,
				4502047B29CFC849009C09D0 /* GFButton.swift in Sources */,
				4551565929D1109800E55BA5 /* User.swift in Sources */,
				4551566429D13B2400E55BA5 /* GFAvatarImageView.swift in Sources */,
				4551564529D0C91B00E55BA5 /* FollowerListViewController.swift in Sources */,
				4551565729D10FE700E55BA5 /* Follower.swift in Sources */,
				455156F529DA5F3C00E55BA5 /* GFRepoItemViewController.swift in Sources */,
				4551564929D0F2F700E55BA5 /* GFBodyLabel.swift in Sources */,
				4551564729D0F14B00E55BA5 /* GFTitleLabel.swift in Sources */,
				455156F329DA4C5500E55BA5 /* GFItemInfoVC.swift in Sources */,
				4502046329CFA870009C09D0 /* AppDelegate.swift in Sources */,
				4551566629D2550300E55BA5 /* UIHelper.swift in Sources */,
				4551565C29D1159000E55BA5 /* NetworkManager.swift in Sources */,
				4502047929CFB78D009C09D0 /* FavoritesListViewController.swift in Sources */,
				455156F129DA47E400E55BA5 /* GFItemInfoView.swift in Sources */,
				4502046529CFA870009C09D0 /* SceneDelegate.swift in Sources */,
				455156EF29DA0CE700E55BA5 /* Constants.swift in Sources */,
			);
			runOnlyForDeploymentPostprocessing = 0;
		};
/* End PBXSourcesBuildPhase section */

/* Begin PBXVariantGroup section */
		4502046D29CFA872009C09D0 /* LaunchScreen.storyboard */ = {
			isa = PBXVariantGroup;
			children = (
				4502046E29CFA872009C09D0 /* Base */,
			);
			name = LaunchScreen.storyboard;
			sourceTree = "<group>";
		};
/* End PBXVariantGroup section */

/* Begin XCBuildConfiguration section */
		4502047129CFA872009C09D0 /* Debug */ = {
			isa = XCBuildConfiguration;
			buildSettings = {
				ALWAYS_SEARCH_USER_PATHS = NO;
				CLANG_ANALYZER_NONNULL = YES;
				CLANG_ANALYZER_NUMBER_OBJECT_CONVERSION = YES_AGGRESSIVE;
				CLANG_CXX_LANGUAGE_STANDARD = "gnu++20";
				CLANG_ENABLE_MODULES = YES;
				CLANG_ENABLE_OBJC_ARC = YES;
				CLANG_ENABLE_OBJC_WEAK = YES;
				CLANG_WARN_BLOCK_CAPTURE_AUTORELEASING = YES;
				CLANG_WARN_BOOL_CONVERSION = YES;
				CLANG_WARN_COMMA = YES;
				CLANG_WARN_CONSTANT_CONVERSION = YES;
				CLANG_WARN_DEPRECATED_OBJC_IMPLEMENTATIONS = YES;
				CLANG_WARN_DIRECT_OBJC_ISA_USAGE = YES_ERROR;
				CLANG_WARN_DOCUMENTATION_COMMENTS = YES;
				CLANG_WARN_EMPTY_BODY = YES;
				CLANG_WARN_ENUM_CONVERSION = YES;
				CLANG_WARN_INFINITE_RECURSION = YES;
				CLANG_WARN_INT_CONVERSION = YES;
				CLANG_WARN_NON_LITERAL_NULL_CONVERSION = YES;
				CLANG_WARN_OBJC_IMPLICIT_RETAIN_SELF = YES;
				CLANG_WARN_OBJC_LITERAL_CONVERSION = YES;
				CLANG_WARN_OBJC_ROOT_CLASS = YES_ERROR;
				CLANG_WARN_QUOTED_INCLUDE_IN_FRAMEWORK_HEADER = YES;
				CLANG_WARN_RANGE_LOOP_ANALYSIS = YES;
				CLANG_WARN_STRICT_PROTOTYPES = YES;
				CLANG_WARN_SUSPICIOUS_MOVE = YES;
				CLANG_WARN_UNGUARDED_AVAILABILITY = YES_AGGRESSIVE;
				CLANG_WARN_UNREACHABLE_CODE = YES;
				CLANG_WARN__DUPLICATE_METHOD_MATCH = YES;
				COPY_PHASE_STRIP = NO;
				DEBUG_INFORMATION_FORMAT = dwarf;
				ENABLE_STRICT_OBJC_MSGSEND = YES;
				ENABLE_TESTABILITY = YES;
				GCC_C_LANGUAGE_STANDARD = gnu11;
				GCC_DYNAMIC_NO_PIC = NO;
				GCC_NO_COMMON_BLOCKS = YES;
				GCC_OPTIMIZATION_LEVEL = 0;
				GCC_PREPROCESSOR_DEFINITIONS = (
					"DEBUG=1",
					"$(inherited)",
				);
				GCC_WARN_64_TO_32_BIT_CONVERSION = YES;
				GCC_WARN_ABOUT_RETURN_TYPE = YES_ERROR;
				GCC_WARN_UNDECLARED_SELECTOR = YES;
				GCC_WARN_UNINITIALIZED_AUTOS = YES_AGGRESSIVE;
				GCC_WARN_UNUSED_FUNCTION = YES;
				GCC_WARN_UNUSED_VARIABLE = YES;
				IPHONEOS_DEPLOYMENT_TARGET = 16.2;
				MTL_ENABLE_DEBUG_INFO = INCLUDE_SOURCE;
				MTL_FAST_MATH = YES;
				ONLY_ACTIVE_ARCH = YES;
				SDKROOT = iphoneos;
				SWIFT_ACTIVE_COMPILATION_CONDITIONS = DEBUG;
				SWIFT_OPTIMIZATION_LEVEL = "-Onone";
			};
			name = Debug;
		};
		4502047229CFA872009C09D0 /* Release */ = {
			isa = XCBuildConfiguration;
			buildSettings = {
				ALWAYS_SEARCH_USER_PATHS = NO;
				CLANG_ANALYZER_NONNULL = YES;
				CLANG_ANALYZER_NUMBER_OBJECT_CONVERSION = YES_AGGRESSIVE;
				CLANG_CXX_LANGUAGE_STANDARD = "gnu++20";
				CLANG_ENABLE_MODULES = YES;
				CLANG_ENABLE_OBJC_ARC = YES;
				CLANG_ENABLE_OBJC_WEAK = YES;
				CLANG_WARN_BLOCK_CAPTURE_AUTORELEASING = YES;
				CLANG_WARN_BOOL_CONVERSION = YES;
				CLANG_WARN_COMMA = YES;
				CLANG_WARN_CONSTANT_CONVERSION = YES;
				CLANG_WARN_DEPRECATED_OBJC_IMPLEMENTATIONS = YES;
				CLANG_WARN_DIRECT_OBJC_ISA_USAGE = YES_ERROR;
				CLANG_WARN_DOCUMENTATION_COMMENTS = YES;
				CLANG_WARN_EMPTY_BODY = YES;
				CLANG_WARN_ENUM_CONVERSION = YES;
				CLANG_WARN_INFINITE_RECURSION = YES;
				CLANG_WARN_INT_CONVERSION = YES;
				CLANG_WARN_NON_LITERAL_NULL_CONVERSION = YES;
				CLANG_WARN_OBJC_IMPLICIT_RETAIN_SELF = YES;
				CLANG_WARN_OBJC_LITERAL_CONVERSION = YES;
				CLANG_WARN_OBJC_ROOT_CLASS = YES_ERROR;
				CLANG_WARN_QUOTED_INCLUDE_IN_FRAMEWORK_HEADER = YES;
				CLANG_WARN_RANGE_LOOP_ANALYSIS = YES;
				CLANG_WARN_STRICT_PROTOTYPES = YES;
				CLANG_WARN_SUSPICIOUS_MOVE = YES;
				CLANG_WARN_UNGUARDED_AVAILABILITY = YES_AGGRESSIVE;
				CLANG_WARN_UNREACHABLE_CODE = YES;
				CLANG_WARN__DUPLICATE_METHOD_MATCH = YES;
				COPY_PHASE_STRIP = NO;
				DEBUG_INFORMATION_FORMAT = "dwarf-with-dsym";
				ENABLE_NS_ASSERTIONS = NO;
				ENABLE_STRICT_OBJC_MSGSEND = YES;
				GCC_C_LANGUAGE_STANDARD = gnu11;
				GCC_NO_COMMON_BLOCKS = YES;
				GCC_WARN_64_TO_32_BIT_CONVERSION = YES;
				GCC_WARN_ABOUT_RETURN_TYPE = YES_ERROR;
				GCC_WARN_UNDECLARED_SELECTOR = YES;
				GCC_WARN_UNINITIALIZED_AUTOS = YES_AGGRESSIVE;
				GCC_WARN_UNUSED_FUNCTION = YES;
				GCC_WARN_UNUSED_VARIABLE = YES;
				IPHONEOS_DEPLOYMENT_TARGET = 16.2;
				MTL_ENABLE_DEBUG_INFO = NO;
				MTL_FAST_MATH = YES;
				SDKROOT = iphoneos;
				SWIFT_COMPILATION_MODE = wholemodule;
				SWIFT_OPTIMIZATION_LEVEL = "-O";
				VALIDATE_PRODUCT = YES;
			};
			name = Release;
		};
		4502047429CFA872009C09D0 /* Debug */ = {
			isa = XCBuildConfiguration;
			buildSettings = {
				ASSETCATALOG_COMPILER_APPICON_NAME = AppIcon;
				ASSETCATALOG_COMPILER_GLOBAL_ACCENT_COLOR_NAME = AccentColor;
				CODE_SIGN_STYLE = Automatic;
				CURRENT_PROJECT_VERSION = 1;
				GENERATE_INFOPLIST_FILE = YES;
				INFOPLIST_FILE = "github-followers/Info.plist";
				INFOPLIST_KEY_UIApplicationSupportsIndirectInputEvents = YES;
				INFOPLIST_KEY_UILaunchStoryboardName = LaunchScreen;
				INFOPLIST_KEY_UISupportedInterfaceOrientations = UIInterfaceOrientationPortrait;
				INFOPLIST_KEY_UISupportedInterfaceOrientations_iPad = "UIInterfaceOrientationLandscapeLeft UIInterfaceOrientationLandscapeRight UIInterfaceOrientationPortrait UIInterfaceOrientationPortraitUpsideDown";
				LD_RUNPATH_SEARCH_PATHS = (
					"$(inherited)",
					"@executable_path/Frameworks",
				);
				MARKETING_VERSION = 1.0;
				PRODUCT_BUNDLE_IDENTIFIER = "com.sanket.github-followers";
				PRODUCT_NAME = "$(TARGET_NAME)";
				SUPPORTED_PLATFORMS = "iphoneos iphonesimulator";
				SUPPORTS_MACCATALYST = NO;
				SUPPORTS_MAC_DESIGNED_FOR_IPHONE_IPAD = NO;
				SWIFT_EMIT_LOC_STRINGS = YES;
				SWIFT_VERSION = 5.0;
				TARGETED_DEVICE_FAMILY = 1;
			};
			name = Debug;
		};
		4502047529CFA872009C09D0 /* Release */ = {
			isa = XCBuildConfiguration;
			buildSettings = {
				ASSETCATALOG_COMPILER_APPICON_NAME = AppIcon;
				ASSETCATALOG_COMPILER_GLOBAL_ACCENT_COLOR_NAME = AccentColor;
				CODE_SIGN_STYLE = Automatic;
				CURRENT_PROJECT_VERSION = 1;
				GENERATE_INFOPLIST_FILE = YES;
				INFOPLIST_FILE = "github-followers/Info.plist";
				INFOPLIST_KEY_UIApplicationSupportsIndirectInputEvents = YES;
				INFOPLIST_KEY_UILaunchStoryboardName = LaunchScreen;
				INFOPLIST_KEY_UISupportedInterfaceOrientations = UIInterfaceOrientationPortrait;
				INFOPLIST_KEY_UISupportedInterfaceOrientations_iPad = "UIInterfaceOrientationLandscapeLeft UIInterfaceOrientationLandscapeRight UIInterfaceOrientationPortrait UIInterfaceOrientationPortraitUpsideDown";
				LD_RUNPATH_SEARCH_PATHS = (
					"$(inherited)",
					"@executable_path/Frameworks",
				);
				MARKETING_VERSION = 1.0;
				PRODUCT_BUNDLE_IDENTIFIER = "com.sanket.github-followers";
				PRODUCT_NAME = "$(TARGET_NAME)";
				SUPPORTED_PLATFORMS = "iphoneos iphonesimulator";
				SUPPORTS_MACCATALYST = NO;
				SUPPORTS_MAC_DESIGNED_FOR_IPHONE_IPAD = NO;
				SWIFT_EMIT_LOC_STRINGS = YES;
				SWIFT_VERSION = 5.0;
				TARGETED_DEVICE_FAMILY = 1;
			};
			name = Release;
		};
/* End XCBuildConfiguration section */

/* Begin XCConfigurationList section */
		4502045A29CFA870009C09D0 /* Build configuration list for PBXProject "github-followers" */ = {
			isa = XCConfigurationList;
			buildConfigurations = (
				4502047129CFA872009C09D0 /* Debug */,
				4502047229CFA872009C09D0 /* Release */,
			);
			defaultConfigurationIsVisible = 0;
			defaultConfigurationName = Release;
		};
		4502047329CFA872009C09D0 /* Build configuration list for PBXNativeTarget "github-followers" */ = {
			isa = XCConfigurationList;
			buildConfigurations = (
				4502047429CFA872009C09D0 /* Debug */,
				4502047529CFA872009C09D0 /* Release */,
			);
			defaultConfigurationIsVisible = 0;
			defaultConfigurationName = Release;
		};
/* End XCConfigurationList section */
	};
	rootObject = 4502045729CFA870009C09D0 /* Project object */;
}
